{
  "mods" : {
    "254466" : {
      "true" : 2498115
    },
    "227083" : {
      "true" : 2518667
    },
    "237065" : {
      "true" : 2652853
    },
    "236307" : {
      "true" : 2929963
    },
    "242195" : {
      "true" : 2813586
    },
    "250898" : {
      "true" : 2897369
    },
    "32274" : {
      "true" : 2916002
    },
    "224535" : {
      "true" : 2443253
    },
    "224791" : {
      "true" : 2822288
    },
    "243478" : {
      "true" : 2745657
    },
    "266515" : {
      "true" : 2745321
    },
    "253211" : {
      "true" : 2684561
    },
    "310812" : {
      "true" : 2783832
    },
    "220954" : {
      "true" : 2881277
    },
    "225561" : {
      "true" : 2678374
    },
    "255257" : {
      "true" : 2913717
    },
    "271384" : {
      "true" : 2920434
    },
    "314904" : {
      "true" : 2819669
    },
    "250398" : {
      "true" : 2926366
    },
    "244258" : {
      "true" : 2880863
    },
    "254241" : {
      "true" : 2656683
    },
    "223008" : {
      "true" : 2828357
    },
    "356646" : {
      "true" : 2852431
    },
    "245287" : {
      "true" : 2658176
    },
    "238372" : {
      "true" : 2595310
    },
    "69163" : {
      "true" : 2926431
    },
    "69162" : {
      "true" : 2920433
    },
    "318255" : {
      "true" : 2919497
    },
    "237102" : {
      "true" : 2835289
    },
    "253230" : {
      "true" : 2465617
    },
    "223794" : {
      "true" : 2747063
    },
    "260912" : {
      "true" : 2745852
    },
    "227639" : {
      "true" : 2818055
    },
    "232758" : {
      "true" : 2929967
    },
    "240950" : {
      "true" : 2707390
    },
    "228404" : {
      "true" : 2844115
    },
    "233019" : {
      "true" : 2450734
    },
    "284472" : {
      "true" : 2557703
    },
    "335673" : {
      "true" : 2787318
    },
    "281657" : {
      "true" : 2812866
    },
    "238403" : {
      "true" : 2691084
    },
    "224320" : {
      "true" : 2764764
    },
    "230976" : {
      "true" : 2463272
    },
    "247111" : {
      "true" : 2887479
    },
    "225606" : {
      "true" : 2489553
    },
    "225605" : {
      "true" : 2489549
    },
    "291916" : {
      "true" : 2574802
    },
    "237903" : {
      "true" : 2926584
    },
    "244049" : {
      "true" : 2712670
    },
    "224599" : {
      "true" : 2753244
    },
    "293968" : {
      "true" : 2816085
    },
    "267602" : {
      "true" : 2915363
    },
    "306770" : {
      "true" : 2731963
    },
    "222548" : {
      "true" : 2506542
    },
    "229208" : {
      "true" : 2923625
    },
    "292952" : {
      "true" : 2671784
    },
    "239197" : {
      "true" : 2928558
    },
    "70496" : {
      "true" : 2518031
    },
    "229218" : {
      "true" : 2855967
    },
    "230497" : {
      "true" : 2450900
    },
    "284007" : {
      "true" : 2843007
    },
    "268387" : {
      "true" : 2777071
    },
    "231275" : {
      "true" : 2801170
    },
    "233071" : {
      "true" : 2562139
    },
    "237167" : {
      "true" : 2891572
    },
    "223852" : {
      "true" : 2887858
    },
    "227443" : {
      "true" : 2920505
    },
    "253043" : {
      "true" : 2807433
    },
    "235121" : {
      "true" : 2764828
    },
    "247921" : {
      "true" : 2670570
    },
    "246640" : {
      "true" : 2704562
    },
    "223094" : {
      "true" : 2923460
    },
    "278385" : {
      "true" : 2482543
    },
    "313970" : {
      "true" : 2906487
    },
    "261251" : {
      "true" : 2638317
    },
    "320132" : {
      "true" : 2703387
    },
    "242818" : {
      "true" : 2779848
    },
    "224641" : {
      "true" : 2861573
    },
    "245889" : {
      "true" : 2686355
    },
    "223622" : {
      "true" : 2516219
    },
    "248453" : {
      "true" : 2785465
    },
    "272515" : {
      "true" : 2685984
    },
    "250763" : {
      "true" : 2705813
    },
    "254602" : {
      "true" : 2891841
    },
    "238222" : {
      "true" : 2847112
    },
    "247694" : {
      "true" : 2755792
    },
    "233105" : {
      "true" : 2745846
    },
    "297878" : {
      "true" : 2767592
    },
    "238747" : {
      "true" : 2739582
    },
    "225946" : {
      "true" : 2680883
    },
    "255902" : {
      "true" : 2661187
    },
    "291737" : {
      "true" : 2920441
    },
    "221857" : {
      "true" : 2904825
    },
    "222880" : {
      "true" : 2926428
    },
    "241319" : {
      "true" : 2761319
    },
    "264353" : {
      "true" : 2508268
    },
    "271009" : {
      "true" : 2863246
    },
    "290209" : {
      "true" : 2704404
    },
    "250277" : {
      "true" : 2722271
    },
    "251301" : {
      "true" : 2659489
    },
    "267939" : {
      "true" : 2849443
    },
    "59816" : {
      "true" : 2905241
    },
    "225194" : {
      "true" : 2491032
    },
    "238761" : {
      "true" : 2700554
    },
    "74924" : {
      "true" : 2713386
    },
    "223150" : {
      "true" : 2689602
    },
    "228525" : {
      "true" : 2836960
    },
    "250290" : {
      "true" : 2916357
    },
    "243121" : {
      "true" : 2924091
    },
    "310710" : {
      "true" : 2656879
    },
    "239286" : {
      "true" : 2929610
    },
    "245174" : {
      "true" : 2755787
    },
    "292785" : {
      "true" : 2915154
    },
    "277938" : {
      "true" : 2904594
    },
    "228027" : {
      "true" : 2574880
    },
    "60089" : {
      "true" : 2671937
    },
    "265917" : {
      "true" : 2491927
    },
    "280510" : {
      "true" : 2810157
    },
    "60092" : {
      "true" : 2712288
    },
    "224190" : {
      "true" : 2599318
    },
    "254652" : {
      "true" : 2591087
    },
    "232131" : {
      "true" : 2624732
    },
    "283589" : {
      "true" : 2708030
    },
    "300750" : {
      "true" : 2695517
    },
    "247496" : {
      "true" : 2441326
    },
    "272335" : {
      "true" : 2645867
    },
    "228815" : {
      "true" : 2699055
    },
    "246222" : {
      "true" : 2531068
    },
    "282313" : {
      "true" : 2689835
    },
    "285385" : {
      "true" : 2634368
    },
    "245453" : {
      "true" : 2691536
    },
    "306122" : {
      "true" : 2795376
    },
    "244940" : {
      "true" : 2685162
    },
    "298187" : {
      "true" : 2928313
    },
    "229587" : {
      "true" : 2698688
    },
    "248787" : {
      "true" : 2496585
    },
    "250577" : {
      "true" : 2648656
    },
    "228816" : {
      "true" : 2699056
    },
    "282064" : {
      "true" : 2553444
    },
    "243157" : {
      "true" : 2691613
    },
    "246996" : {
      "true" : 2722575
    },
    "226779" : {
      "true" : 2563292
    },
    "245211" : {
      "true" : 2667280
    },
    "224218" : {
      "true" : 2707509
    },
    "278494" : {
      "true" : 2845668
    },
    "247007" : {
      "true" : 2920804
    },
    "271835" : {
      "true" : 2920437
    },
    "250850" : {
      "true" : 2721018
    },
    "228832" : {
      "true" : 2645992
    },
    "241895" : {
      "true" : 2733525
    },
    "70631" : {
      "true" : 2920435
    },
    "245480" : {
      "true" : 2691542
    },
    "312815" : {
      "true" : 2680516
    },
    "284904" : {
      "true" : 2568865
    },
    "306935" : {
      "true" : 2782811
    },
    "223735" : {
      "true" : 2914062
    },
    "240630" : {
      "true" : 2728585
    },
    "229876" : {
      "true" : 2483393
    },
    "243707" : {
      "true" : 2927858
    },
    "250363" : {
      "true" : 2746011
    },
    "283644" : {
      "true" : 2694382
    },
    "251389" : {
      "true" : 2920817
    },
    "319994" : {
      "true" : 2923628
    }
  }
}